
Microsoft Visual Studio Solution File, Format Version 12.00
# Visual Studio Version 17
VisualStudioVersion = 17.11.35312.102
MinimumVisualStudioVersion = 10.0.40219.1
Project("{FAE04EC0-301F-11D3-BF4B-00C04F79EFBC}") = "AddTwoNumbers", "AddTwoNumbers.csproj", "{962E3B5E-6F2F-4644-A08C-C37D743C7F32}"
EndProject
Global
	GlobalSection(SolutionConfigurationPlatforms) = preSolution
		Debug|Any CPU = Debug|Any CPU
		Release|Any CPU = Release|Any CPU
	EndGlobalSection
	GlobalSection(ProjectConfigurationPlatforms) = postSolution
		{962E3B5E-6F2F-4644-A08C-C37D743C7F32}.Debug|Any CPU.ActiveCfg = Debug|Any CPU
		{962E3B5E-6F2F-4644-A08C-C37D743C7F32}.Debug|Any CPU.Build.0 = Debug|Any CPU
		{962E3B5E-6F2F-4644-A08C-C37D743C7F32}.Release|Any CPU.ActiveCfg = Release|Any CPU
		{962E3B5E-6F2F-4644-A08C-C37D743C7F32}.Release|Any CPU.Build.0 = Release|Any CPU
	EndGlobalSection
	GlobalSection(SolutionProperties) = preSolution
		HideSolutionNode = FALSE
	EndGlobalSection
	GlobalSection(ExtensibilityGlobals) = postSolution
		SolutionGuid = {970C29D8-48EA-4DBF-A5A3-8A9E75D1F435}
	EndGlobalSection
EndGlobal
